// !$*UTF8*$!
{
	archiveVersion = 1;
	classes = {
	};
	objectVersion = 48;
	objects = {

/* Begin PBXBuildFile section */
		CB63A9F21FC6C29B000043A7 /* LTImage.m in Sources */ = {isa = PBXBuildFile; fileRef = CB63A9F11FC6C29B000043A7 /* LTImage.m */; };
		CB63A9F51FC6C2BF000043A7 /* LTImage+extension.m in Sources */ = {isa = PBXBuildFile; fileRef = CB63A9F41FC6C2BF000043A7 /* LTImage+extension.m */; };
		CB63A9FE1FC80047000043A7 /* UIViewController+extension.m in Sources */ = {isa = PBXBuildFile; fileRef = CB63A9FD1FC80047000043A7 /* UIViewController+extension.m */; };
		CB63AA041FC80C50000043A7 /* LTMusic.m in Sources */ = {isa = PBXBuildFile; fileRef = CB63AA031FC80C50000043A7 /* LTMusic.m */; };
		CB75B4E51FCE549400718354 /* NSObject+Extension.m in Sources */ = {isa = PBXBuildFile; fileRef = CB75B4E41FCE549400718354 /* NSObject+Extension.m */; };
		CBC413791FD552B5008CEE9A /* OneViewController.m in Sources */ = {isa = PBXBuildFile; fileRef = CBC413781FD552B5008CEE9A /* OneViewController.m */; };
		CBC4137C1FD55590008CEE9A /* TwoViewController.m in Sources */ = {isa = PBXBuildFile; fileRef = CBC4137B1FD55590008CEE9A /* TwoViewController.m */; };
		CBC4137F1FD67B7B008CEE9A /* UIImage+Extension.m in Sources */ = {isa = PBXBuildFile; fileRef = CBC4137E1FD67B7A008CEE9A /* UIImage+Extension.m */; };
		CBC413821FD67D6F008CEE9A /* ThreeViewController.m in Sources */ = {isa = PBXBuildFile; fileRef = CBC413811FD67D6F008CEE9A /* ThreeViewController.m */; };
		CBC413851FD6808B008CEE9A /* FourViewController.m in Sources */ = {isa = PBXBuildFile; fileRef = CBC413841FD6808B008CEE9A /* FourViewController.m */; };
		CBC413881FD68D13008CEE9A /* FiveViewController.m in Sources */ = {isa = PBXBuildFile; fileRef = CBC413871FD68D13008CEE9A /* FiveViewController.m */; };
		CBC4138B1FD68ED5008CEE9A /* SixViewController.m in Sources */ = {isa = PBXBuildFile; fileRef = CBC4138A1FD68ED5008CEE9A /* SixViewController.m */; };
		CBC4138E1FD6980E008CEE9A /* SevenViewController.m in Sources */ = {isa = PBXBuildFile; fileRef = CBC4138D1FD6980E008CEE9A /* SevenViewController.m */; };
		CBC413911FD69DB4008CEE9A /* LTUser.m in Sources */ = {isa = PBXBuildFile; fileRef = CBC413901FD69DB4008CEE9A /* LTUser.m */; };
		CBE9FBE21FC51F8800E9C7AE /* AppDelegate.m in Sources */ = {isa = PBXBuildFile; fileRef = CBE9FBE11FC51F8800E9C7AE /* AppDelegate.m */; };
		CBE9FBE51FC51F8800E9C7AE /* ViewController.m in Sources */ = {isa = PBXBuildFile; fileRef = CBE9FBE41FC51F8800E9C7AE /* ViewController.m */; };
		CBE9FBE81FC51F8800E9C7AE /* Main.storyboard in Resources */ = {isa = PBXBuildFile; fileRef = CBE9FBE61FC51F8800E9C7AE /* Main.storyboard */; };
		CBE9FBEA1FC51F8800E9C7AE /* Assets.xcassets in Resources */ = {isa = PBXBuildFile; fileRef = CBE9FBE91FC51F8800E9C7AE /* Assets.xcassets */; };
		CBE9FBED1FC51F8800E9C7AE /* LaunchScreen.storyboard in Resources */ = {isa = PBXBuildFile; fileRef = CBE9FBEB1FC51F8800E9C7AE /* LaunchScreen.storyboard */; };
		CBE9FBF01FC51F8800E9C7AE /* main.m in Sources */ = {isa = PBXBuildFile; fileRef = CBE9FBEF1FC51F8800E9C7AE /* main.m */; };
		CBE9FBF81FC51F9700E9C7AE /* Person.m in Sources */ = {isa = PBXBuildFile; fileRef = CBE9FBF71FC51F9700E9C7AE /* Person.m */; };
		CBEA43F51FCBE43400BCA0A0 /* WBMessage.m in Sources */ = {isa = PBXBuildFile; fileRef = CBEA43F41FCBE43400BCA0A0 /* WBMessage.m */; };
/* End PBXBuildFile section */

/* Begin PBXFileReference section */
		CB63A9F01FC6C29B000043A7 /* LTImage.h */ = {isa = PBXFileReference; lastKnownFileType = sourcecode.c.h; path = LTImage.h; sourceTree = "<group>"; };
		CB63A9F11FC6C29B000043A7 /* LTImage.m */ = {isa = PBXFileReference; lastKnownFileType = sourcecode.c.objc; path = LTImage.m; sourceTree = "<group>"; };
		CB63A9F31FC6C2BF000043A7 /* LTImage+extension.h */ = {isa = PBXFileReference; lastKnownFileType = sourcecode.c.h; path = "LTImage+extension.h"; sourceTree = "<group>"; };
		CB63A9F41FC6C2BF000043A7 /* LTImage+extension.m */ = {isa = PBXFileReference; lastKnownFileType = sourcecode.c.objc; path = "LTImage+extension.m"; sourceTree = "<group>"; };
		CB63A9FC1FC80047000043A7 /* UIViewController+extension.h */ = {isa = PBXFileReference; lastKnownFileType = sourcecode.c.h; path = "UIViewController+extension.h"; sourceTree = "<group>"; };
		CB63A9FD1FC80047000043A7 /* UIViewController+extension.m */ = {isa = PBXFileReference; lastKnownFileType = sourcecode.c.objc; path = "UIViewController+extension.m"; sourceTree = "<group>"; };
		CB63AA021FC80C50000043A7 /* LTMusic.h */ = {isa = PBXFileReference; lastKnownFileType = sourcecode.c.h; path = LTMusic.h; sourceTree = "<group>"; };
		CB63AA031FC80C50000043A7 /* LTMusic.m */ = {isa = PBXFileReference; lastKnownFileType = sourcecode.c.objc; path = LTMusic.m; sourceTree = "<group>"; };
		CB75B4E31FCE549400718354 /* NSObject+Extension.h */ = {isa = PBXFileReference; lastKnownFileType = sourcecode.c.h; path = "NSObject+Extension.h"; sourceTree = "<group>"; };
		CB75B4E41FCE549400718354 /* NSObject+Extension.m */ = {isa = PBXFileReference; lastKnownFileType = sourcecode.c.objc; path = "NSObject+Extension.m"; sourceTree = "<group>"; };
		CBC413771FD552B5008CEE9A /* OneViewController.h */ = {isa = PBXFileReference; lastKnownFileType = sourcecode.c.h; path = OneViewController.h; sourceTree = "<group>"; };
		CBC413781FD552B5008CEE9A /* OneViewController.m */ = {isa = PBXFileReference; lastKnownFileType = sourcecode.c.objc; path = OneViewController.m; sourceTree = "<group>"; };
		CBC4137A1FD55590008CEE9A /* TwoViewController.h */ = {isa = PBXFileReference; lastKnownFileType = sourcecode.c.h; path = TwoViewController.h; sourceTree = "<group>"; };
		CBC4137B1FD55590008CEE9A /* TwoViewController.m */ = {isa = PBXFileReference; lastKnownFileType = sourcecode.c.objc; path = TwoViewController.m; sourceTree = "<group>"; };
		CBC4137D1FD67B7A008CEE9A /* UIImage+Extension.h */ = {isa = PBXFileReference; lastKnownFileType = sourcecode.c.h; path = "UIImage+Extension.h"; sourceTree = "<group>"; };
		CBC4137E1FD67B7A008CEE9A /* UIImage+Extension.m */ = {isa = PBXFileReference; lastKnownFileType = sourcecode.c.objc; path = "UIImage+Extension.m"; sourceTree = "<group>"; };
		CBC413801FD67D6F008CEE9A /* ThreeViewController.h */ = {isa = PBXFileReference; lastKnownFileType = sourcecode.c.h; path = ThreeViewController.h; sourceTree = "<group>"; };
		CBC413811FD67D6F008CEE9A /* ThreeViewController.m */ = {isa = PBXFileReference; lastKnownFileType = sourcecode.c.objc; path = ThreeViewController.m; sourceTree = "<group>"; };
		CBC413831FD6808B008CEE9A /* FourViewController.h */ = {isa = PBXFileReference; lastKnownFileType = sourcecode.c.h; path = FourViewController.h; sourceTree = "<group>"; };
		CBC413841FD6808B008CEE9A /* FourViewController.m */ = {isa = PBXFileReference; lastKnownFileType = sourcecode.c.objc; path = FourViewController.m; sourceTree = "<group>"; };
		CBC413861FD68D13008CEE9A /* FiveViewController.h */ = {isa = PBXFileReference; lastKnownFileType = sourcecode.c.h; path = FiveViewController.h; sourceTree = "<group>"; };
		CBC413871FD68D13008CEE9A /* FiveViewController.m */ = {isa = PBXFileReference; lastKnownFileType = sourcecode.c.objc; path = FiveViewController.m; sourceTree = "<group>"; };
		CBC413891FD68ED5008CEE9A /* SixViewController.h */ = {isa = PBXFileReference; lastKnownFileType = sourcecode.c.h; path = SixViewController.h; sourceTree = "<group>"; };
		CBC4138A1FD68ED5008CEE9A /* SixViewController.m */ = {isa = PBXFileReference; lastKnownFileType = sourcecode.c.objc; path = SixViewController.m; sourceTree = "<group>"; };
		CBC4138C1FD6980E008CEE9A /* SevenViewController.h */ = {isa = PBXFileReference; lastKnownFileType = sourcecode.c.h; path = SevenViewController.h; sourceTree = "<group>"; };
		CBC4138D1FD6980E008CEE9A /* SevenViewController.m */ = {isa = PBXFileReference; lastKnownFileType = sourcecode.c.objc; path = SevenViewController.m; sourceTree = "<group>"; };
		CBC4138F1FD69DB4008CEE9A /* LTUser.h */ = {isa = PBXFileReference; lastKnownFileType = sourcecode.c.h; path = LTUser.h; sourceTree = "<group>"; };
		CBC413901FD69DB4008CEE9A /* LTUser.m */ = {isa = PBXFileReference; lastKnownFileType = sourcecode.c.objc; path = LTUser.m; sourceTree = "<group>"; };
		CBE9FBDD1FC51F8800E9C7AE /* Runtime示例.app */ = {isa = PBXFileReference; explicitFileType = wrapper.application; includeInIndex = 0; path = "Runtime示例.app"; sourceTree = BUILT_PRODUCTS_DIR; };
		CBE9FBE01FC51F8800E9C7AE /* AppDelegate.h */ = {isa = PBXFileReference; lastKnownFileType = sourcecode.c.h; path = AppDelegate.h; sourceTree = "<group>"; };
		CBE9FBE11FC51F8800E9C7AE /* AppDelegate.m */ = {isa = PBXFileReference; lastKnownFileType = sourcecode.c.objc; path = AppDelegate.m; sourceTree = "<group>"; };
		CBE9FBE31FC51F8800E9C7AE /* ViewController.h */ = {isa = PBXFileReference; lastKnownFileType = sourcecode.c.h; path = ViewController.h; sourceTree = "<group>"; };
		CBE9FBE41FC51F8800E9C7AE /* ViewController.m */ = {isa = PBXFileReference; lastKnownFileType = sourcecode.c.objc; path = ViewController.m; sourceTree = "<group>"; };
		CBE9FBE71FC51F8800E9C7AE /* Base */ = {isa = PBXFileReference; lastKnownFileType = file.storyboard; name = Base; path = Base.lproj/Main.storyboard; sourceTree = "<group>"; };
		CBE9FBE91FC51F8800E9C7AE /* Assets.xcassets */ = {isa = PBXFileReference; lastKnownFileType = folder.assetcatalog; path = Assets.xcassets; sourceTree = "<group>"; };
		CBE9FBEC1FC51F8800E9C7AE /* Base */ = {isa = PBXFileReference; lastKnownFileType = file.storyboard; name = Base; path = Base.lproj/LaunchScreen.storyboard; sourceTree = "<group>"; };
		CBE9FBEE1FC51F8800E9C7AE /* Info.plist */ = {isa = PBXFileReference; lastKnownFileType = text.plist.xml; path = Info.plist; sourceTree = "<group>"; };
		CBE9FBEF1FC51F8800E9C7AE /* main.m */ = {isa = PBXFileReference; lastKnownFileType = sourcecode.c.objc; path = main.m; sourceTree = "<group>"; };
		CBE9FBF61FC51F9700E9C7AE /* Person.h */ = {isa = PBXFileReference; lastKnownFileType = sourcecode.c.h; path = Person.h; sourceTree = "<group>"; };
		CBE9FBF71FC51F9700E9C7AE /* Person.m */ = {isa = PBXFileReference; lastKnownFileType = sourcecode.c.objc; path = Person.m; sourceTree = "<group>"; };
		CBEA43F31FCBE43400BCA0A0 /* WBMessage.h */ = {isa = PBXFileReference; lastKnownFileType = sourcecode.c.h; path = WBMessage.h; sourceTree = "<group>"; };
		CBEA43F41FCBE43400BCA0A0 /* WBMessage.m */ = {isa = PBXFileReference; lastKnownFileType = sourcecode.c.objc; path = WBMessage.m; sourceTree = "<group>"; };
/* End PBXFileReference section */

/* Begin PBXFrameworksBuildPhase section */
		CBE9FBDA1FC51F8800E9C7AE /* Frameworks */ = {
			isa = PBXFrameworksBuildPhase;
			buildActionMask = 2147483647;
			files = (
			);
			runOnlyForDeploymentPostprocessing = 0;
		};
/* End PBXFrameworksBuildPhase section */

/* Begin PBXGroup section */
		CBC413721FD551E9008CEE9A /* Other */ = {
			isa = PBXGroup;
			children = (
				CBE9FBE61FC51F8800E9C7AE /* Main.storyboard */,
				CBE9FBE91FC51F8800E9C7AE /* Assets.xcassets */,
				CBE9FBEB1FC51F8800E9C7AE /* LaunchScreen.storyboard */,
				CBE9FBEE1FC51F8800E9C7AE /* Info.plist */,
				CBE9FBEF1FC51F8800E9C7AE /* main.m */,
				CBE9FBE01FC51F8800E9C7AE /* AppDelegate.h */,
				CBE9FBE11FC51F8800E9C7AE /* AppDelegate.m */,
			);
			path = Other;
			sourceTree = "<group>";
		};
		CBC413741FD5520D008CEE9A /* Model */ = {
			isa = PBXGroup;
			children = (
				CBEA43F31FCBE43400BCA0A0 /* WBMessage.h */,
				CBEA43F41FCBE43400BCA0A0 /* WBMessage.m */,
				CBC4138F1FD69DB4008CEE9A /* LTUser.h */,
				CBC413901FD69DB4008CEE9A /* LTUser.m */,
				CB63A9F01FC6C29B000043A7 /* LTImage.h */,
				CB63A9F11FC6C29B000043A7 /* LTImage.m */,
				CB63AA021FC80C50000043A7 /* LTMusic.h */,
				CB63AA031FC80C50000043A7 /* LTMusic.m */,
				CBE9FBF61FC51F9700E9C7AE /* Person.h */,
				CBE9FBF71FC51F9700E9C7AE /* Person.m */,
			);
			path = Model;
			sourceTree = "<group>";
		};
		CBC413751FD55231008CEE9A /* Category */ = {
			isa = PBXGroup;
			children = (
				CB75B4E31FCE549400718354 /* NSObject+Extension.h */,
				CB75B4E41FCE549400718354 /* NSObject+Extension.m */,
				CBC4137D1FD67B7A008CEE9A /* UIImage+Extension.h */,
				CBC4137E1FD67B7A008CEE9A /* UIImage+Extension.m */,
				CB63A9F31FC6C2BF000043A7 /* LTImage+extension.h */,
				CB63A9F41FC6C2BF000043A7 /* LTImage+extension.m */,
				CB63A9FC1FC80047000043A7 /* UIViewController+extension.h */,
				CB63A9FD1FC80047000043A7 /* UIViewController+extension.m */,
			);
			path = Category;
			sourceTree = "<group>";
		};
		CBC413761FD55256008CEE9A /* Controller */ = {
			isa = PBXGroup;
			children = (
				CBE9FBE31FC51F8800E9C7AE /* ViewController.h */,
				CBE9FBE41FC51F8800E9C7AE /* ViewController.m */,
				CBC413771FD552B5008CEE9A /* OneViewController.h */,
				CBC413781FD552B5008CEE9A /* OneViewController.m */,
				CBC4137A1FD55590008CEE9A /* TwoViewController.h */,
				CBC4137B1FD55590008CEE9A /* TwoViewController.m */,
				CBC413801FD67D6F008CEE9A /* ThreeViewController.h */,
				CBC413811FD67D6F008CEE9A /* ThreeViewController.m */,
				CBC413831FD6808B008CEE9A /* FourViewController.h */,
				CBC413841FD6808B008CEE9A /* FourViewController.m */,
				CBC413861FD68D13008CEE9A /* FiveViewController.h */,
				CBC413871FD68D13008CEE9A /* FiveViewController.m */,
				CBC413891FD68ED5008CEE9A /* SixViewController.h */,
				CBC4138A1FD68ED5008CEE9A /* SixViewController.m */,
				CBC4138C1FD6980E008CEE9A /* SevenViewController.h */,
				CBC4138D1FD6980E008CEE9A /* SevenViewController.m */,
			);
			path = Controller;
			sourceTree = "<group>";
		};
		CBE9FBD41FC51F8800E9C7AE = {
			isa = PBXGroup;
			children = (
				CBE9FBDF1FC51F8800E9C7AE /* Runtime示例 */,
				CBE9FBDE1FC51F8800E9C7AE /* Products */,
			);
			sourceTree = "<group>";
		};
		CBE9FBDE1FC51F8800E9C7AE /* Products */ = {
			isa = PBXGroup;
			children = (
				CBE9FBDD1FC51F8800E9C7AE /* Runtime示例.app */,
			);
			name = Products;
			sourceTree = "<group>";
		};
		CBE9FBDF1FC51F8800E9C7AE /* Runtime示例 */ = {
			isa = PBXGroup;
			children = (
				CBC413761FD55256008CEE9A /* Controller */,
				CBC413751FD55231008CEE9A /* Category */,
				CBC413741FD5520D008CEE9A /* Model */,
				CBC413721FD551E9008CEE9A /* Other */,
			);
			path = "Runtime示例";
			sourceTree = "<group>";
		};
/* End PBXGroup section */

/* Begin PBXNativeTarget section */
		CBE9FBDC1FC51F8800E9C7AE /* Runtime示例 */ = {
			isa = PBXNativeTarget;
			buildConfigurationList = CBE9FBF31FC51F8800E9C7AE /* Build configuration list for PBXNativeTarget "Runtime示例" */;
			buildPhases = (
				CBE9FBD91FC51F8800E9C7AE /* Sources */,
				CBE9FBDA1FC51F8800E9C7AE /* Frameworks */,
				CBE9FBDB1FC51F8800E9C7AE /* Resources */,
			);
			buildRules = (
			);
			dependencies = (
			);
			name = "Runtime示例";
			productName = "Runtime示例";
			productReference = CBE9FBDD1FC51F8800E9C7AE /* Runtime示例.app */;
			productType = "com.apple.product-type.application";
		};
/* End PBXNativeTarget section */

/* Begin PBXProject section */
		CBE9FBD51FC51F8800E9C7AE /* Project object */ = {
			isa = PBXProject;
			attributes = {
				LastUpgradeCheck = 0910;
				ORGANIZATIONNAME = "Yong Guo";
				TargetAttributes = {
					CBE9FBDC1FC51F8800E9C7AE = {
						CreatedOnToolsVersion = 9.1;
						ProvisioningStyle = Automatic;
					};
				};
			};
			buildConfigurationList = CBE9FBD81FC51F8800E9C7AE /* Build configuration list for PBXProject "Runtime示例" */;
			compatibilityVersion = "Xcode 8.0";
			developmentRegion = en;
			hasScannedForEncodings = 0;
			knownRegions = (
				en,
				Base,
			);
			mainGroup = CBE9FBD41FC51F8800E9C7AE;
			productRefGroup = CBE9FBDE1FC51F8800E9C7AE /* Products */;
			projectDirPath = "";
			projectRoot = "";
			targets = (
				CBE9FBDC1FC51F8800E9C7AE /* Runtime示例 */,
			);
		};
/* End PBXProject section */

/* Begin PBXResourcesBuildPhase section */
		CBE9FBDB1FC51F8800E9C7AE /* Resources */ = {
			isa = PBXResourcesBuildPhase;
			buildActionMask = 2147483647;
			files = (
				CBE9FBED1FC51F8800E9C7AE /* LaunchScreen.storyboard in Resources */,
				CBE9FBEA1FC51F8800E9C7AE /* Assets.xcassets in Resources */,
				CBE9FBE81FC51F8800E9C7AE /* Main.storyboard in Resources */,
			);
			runOnlyForDeploymentPostprocessing = 0;
		};
/* End PBXResourcesBuildPhase section */

/* Begin PBXSourcesBuildPhase section */
		CBE9FBD91FC51F8800E9C7AE /* Sources */ = {
			isa = PBXSourcesBuildPhase;
			buildActionMask = 2147483647;
			files = (
				CB63AA041FC80C50000043A7 /* LTMusic.m in Sources */,
				CBC413821FD67D6F008CEE9A /* ThreeViewController.m in Sources */,
				CB63A9F21FC6C29B000043A7 /* LTImage.m in Sources */,
				CBEA43F51FCBE43400BCA0A0 /* WBMessage.m in Sources */,
				CBC4137C1FD55590008CEE9A /* TwoViewController.m in Sources */,
				CBE9FBE51FC51F8800E9C7AE /* ViewController.m in Sources */,
				CBE9FBF01FC51F8800E9C7AE /* main.m in Sources */,
				CB63A9F51FC6C2BF000043A7 /* LTImage+extension.m in Sources */,
				CBC413881FD68D13008CEE9A /* FiveViewController.m in Sources */,
				CBC413911FD69DB4008CEE9A /* LTUser.m in Sources */,
				CB75B4E51FCE549400718354 /* NSObject+Extension.m in Sources */,
				CBC4137F1FD67B7B008CEE9A /* UIImage+Extension.m in Sources */,
				CBE9FBF81FC51F9700E9C7AE /* Person.m in Sources */,
				CBE9FBE21FC51F8800E9C7AE /* AppDelegate.m in Sources */,
				CBC413851FD6808B008CEE9A /* FourViewController.m in Sources */,
				CBC413791FD552B5008CEE9A /* OneViewController.m in Sources */,
				CBC4138B1FD68ED5008CEE9A /* SixViewController.m in Sources */,
				CBC4138E1FD6980E008CEE9A /* SevenViewController.m in Sources */,
				CB63A9FE1FC80047000043A7 /* UIViewController+extension.m in Sources */,
			);
			runOnlyForDeploymentPostprocessing = 0;
		};
/* End PBXSourcesBuildPhase section */

/* Begin PBXVariantGroup section */
		CBE9FBE61FC51F8800E9C7AE /* Main.storyboard */ = {
			isa = PBXVariantGroup;
			children = (
				CBE9FBE71FC51F8800E9C7AE /* Base */,
			);
			name = Main.storyboard;
			sourceTree = "<group>";
		};
		CBE9FBEB1FC51F8800E9C7AE /* LaunchScreen.storyboard */ = {
			isa = PBXVariantGroup;
			children = (
				CBE9FBEC1FC51F8800E9C7AE /* Base */,
			);
			name = LaunchScreen.storyboard;
			sourceTree = "<group>";
		};
/* End PBXVariantGroup section */

/* Begin XCBuildConfiguration section */
		CBE9FBF11FC51F8800E9C7AE /* Debug */ = {
			isa = XCBuildConfiguration;
			buildSettings = {
				ALWAYS_SEARCH_USER_PATHS = NO;
				CLANG_ANALYZER_NONNULL = YES;
				CLANG_ANALYZER_NUMBER_OBJECT_CONVERSION = YES_AGGRESSIVE;
				CLANG_CXX_LANGUAGE_STANDARD = "gnu++14";
				CLANG_CXX_LIBRARY = "libc++";
				CLANG_ENABLE_MODULES = YES;
				CLANG_ENABLE_OBJC_ARC = YES;
				CLANG_WARN_BLOCK_CAPTURE_AUTORELEASING = YES;
				CLANG_WARN_BOOL_CONVERSION = YES;
				CLANG_WARN_COMMA = YES;
				CLANG_WARN_CONSTANT_CONVERSION = YES;
				CLANG_WARN_DIRECT_OBJC_ISA_USAGE = YES_ERROR;
				CLANG_WARN_DOCUMENTATION_COMMENTS = YES;
				CLANG_WARN_EMPTY_BODY = YES;
				CLANG_WARN_ENUM_CONVERSION = YES;
				CLANG_WARN_INFINITE_RECURSION = YES;
				CLANG_WARN_INT_CONVERSION = YES;
				CLANG_WARN_NON_LITERAL_NULL_CONVERSION = YES;
				CLANG_WARN_OBJC_LITERAL_CONVERSION = YES;
				CLANG_WARN_OBJC_ROOT_CLASS = YES_ERROR;
				CLANG_WARN_RANGE_LOOP_ANALYSIS = YES;
				CLANG_WARN_STRICT_PROTOTYPES = YES;
				CLANG_WARN_SUSPICIOUS_MOVE = YES;
				CLANG_WARN_UNGUARDED_AVAILABILITY = YES_AGGRESSIVE;
				CLANG_WARN_UNREACHABLE_CODE = YES;
				CLANG_WARN__DUPLICATE_METHOD_MATCH = YES;
				CODE_SIGN_IDENTITY = "iPhone Developer";
				COPY_PHASE_STRIP = NO;
				DEBUG_INFORMATION_FORMAT = dwarf;
				ENABLE_STRICT_OBJC_MSGSEND = YES;
				ENABLE_TESTABILITY = YES;
				GCC_C_LANGUAGE_STANDARD = gnu11;
				GCC_DYNAMIC_NO_PIC = NO;
				GCC_NO_COMMON_BLOCKS = YES;
				GCC_OPTIMIZATION_LEVEL = 0;
				GCC_PREPROCESSOR_DEFINITIONS = (
					"DEBUG=1",
					"$(inherited)",
				);
				GCC_WARN_64_TO_32_BIT_CONVERSION = YES;
				GCC_WARN_ABOUT_RETURN_TYPE = YES_ERROR;
				GCC_WARN_UNDECLARED_SELECTOR = YES;
				GCC_WARN_UNINITIALIZED_AUTOS = YES_AGGRESSIVE;
				GCC_WARN_UNUSED_FUNCTION = YES;
				GCC_WARN_UNUSED_VARIABLE = YES;
				IPHONEOS_DEPLOYMENT_TARGET = 9.3;
				MTL_ENABLE_DEBUG_INFO = YES;
				ONLY_ACTIVE_ARCH = YES;
				SDKROOT = iphoneos;
			};
			name = Debug;
		};
		CBE9FBF21FC51F8800E9C7AE /* Release */ = {
			isa = XCBuildConfiguration;
			buildSettings = {
				ALWAYS_SEARCH_USER_PATHS = NO;
				CLANG_ANALYZER_NONNULL = YES;
				CLANG_ANALYZER_NUMBER_OBJECT_CONVERSION = YES_AGGRESSIVE;
				CLANG_CXX_LANGUAGE_STANDARD = "gnu++14";
				CLANG_CXX_LIBRARY = "libc++";
				CLANG_ENABLE_MODULES = YES;
				CLANG_ENABLE_OBJC_ARC = YES;
				CLANG_WARN_BLOCK_CAPTURE_AUTORELEASING = YES;
				CLANG_WARN_BOOL_CONVERSION = YES;
				CLANG_WARN_COMMA = YES;
				CLANG_WARN_CONSTANT_CONVERSION = YES;
				CLANG_WARN_DIRECT_OBJC_ISA_USAGE = YES_ERROR;
				CLANG_WARN_DOCUMENTATION_COMMENTS = YES;
				CLANG_WARN_EMPTY_BODY = YES;
				CLANG_WARN_ENUM_CONVERSION = YES;
				CLANG_WARN_INFINITE_RECURSION = YES;
				CLANG_WARN_INT_CONVERSION = YES;
				CLANG_WARN_NON_LITERAL_NULL_CONVERSION = YES;
				CLANG_WARN_OBJC_LITERAL_CONVERSION = YES;
				CLANG_WARN_OBJC_ROOT_CLASS = YES_ERROR;
				CLANG_WARN_RANGE_LOOP_ANALYSIS = YES;
				CLANG_WARN_STRICT_PROTOTYPES = YES;
				CLANG_WARN_SUSPICIOUS_MOVE = YES;
				CLANG_WARN_UNGUARDED_AVAILABILITY = YES_AGGRESSIVE;
				CLANG_WARN_UNREACHABLE_CODE = YES;
				CLANG_WARN__DUPLICATE_METHOD_MATCH = YES;
				CODE_SIGN_IDENTITY = "iPhone Developer";
				COPY_PHASE_STRIP = NO;
				DEBUG_INFORMATION_FORMAT = "dwarf-with-dsym";
				ENABLE_NS_ASSERTIONS = NO;
				ENABLE_STRICT_OBJC_MSGSEND = YES;
				GCC_C_LANGUAGE_STANDARD = gnu11;
				GCC_NO_COMMON_BLOCKS = YES;
				GCC_WARN_64_TO_32_BIT_CONVERSION = YES;
				GCC_WARN_ABOUT_RETURN_TYPE = YES_ERROR;
				GCC_WARN_UNDECLARED_SELECTOR = YES;
				GCC_WARN_UNINITIALIZED_AUTOS = YES_AGGRESSIVE;
				GCC_WARN_UNUSED_FUNCTION = YES;
				GCC_WARN_UNUSED_VARIABLE = YES;
				IPHONEOS_DEPLOYMENT_TARGET = 9.3;
				MTL_ENABLE_DEBUG_INFO = NO;
				SDKROOT = iphoneos;
				VALIDATE_PRODUCT = YES;
			};
			name = Release;
		};
		CBE9FBF41FC51F8800E9C7AE /* Debug */ = {
			isa = XCBuildConfiguration;
			buildSettings = {
				ASSETCATALOG_COMPILER_APPICON_NAME = AppIcon;
				CODE_SIGN_STYLE = Automatic;
				DEVELOPMENT_TEAM = 7MC978XNU9;
				INFOPLIST_FILE = "$(PRODUCT_NAME)/Other/Info.plist";
				IPHONEOS_DEPLOYMENT_TARGET = 8.0;
				LD_RUNPATH_SEARCH_PATHS = "$(inherited) @executable_path/Frameworks";
				PRODUCT_BUNDLE_IDENTIFIER = "cn.com.gy.Runtime--";
				PRODUCT_NAME = "$(TARGET_NAME)";
				TARGETED_DEVICE_FAMILY = "1,2";
			};
			name = Debug;
		};
		CBE9FBF51FC51F8800E9C7AE /* Release */ = {
			isa = XCBuildConfiguration;
			buildSettings = {
				ASSETCATALOG_COMPILER_APPICON_NAME = AppIcon;
				CODE_SIGN_STYLE = Automatic;
				DEVELOPMENT_TEAM = 7MC978XNU9;
				INFOPLIST_FILE = "$(PRODUCT_NAME)/Other/Info.plist";
				IPHONEOS_DEPLOYMENT_TARGET = 8.0;
				LD_RUNPATH_SEARCH_PATHS = "$(inherited) @executable_path/Frameworks";
				PRODUCT_BUNDLE_IDENTIFIER = "cn.com.gy.Runtime--";
				PRODUCT_NAME = "$(TARGET_NAME)";
				TARGETED_DEVICE_FAMILY = "1,2";
			};
			name = Release;
		};
/* End XCBuildConfiguration section */

/* Begin XCConfigurationList section */
		CBE9FBD81FC51F8800E9C7AE /* Build configuration list for PBXProject "Runtime示例" */ = {
			isa = XCConfigurationList;
			buildConfigurations = (
				CBE9FBF11FC51F8800E9C7AE /* Debug */,
				CBE9FBF21FC51F8800E9C7AE /* Release */,
			);
			defaultConfigurationIsVisible = 0;
			defaultConfigurationName = Release;
		};
		CBE9FBF31FC51F8800E9C7AE /* Build configuration list for PBXNativeTarget "Runtime示例" */ = {
			isa = XCConfigurationList;
			buildConfigurations = (
				CBE9FBF41FC51F8800E9C7AE /* Debug */,
				CBE9FBF51FC51F8800E9C7AE /* Release */,
			);
			defaultConfigurationIsVisible = 0;
			defaultConfigurationName = Release;
		};
/* End XCConfigurationList section */
	};
	rootObject = CBE9FBD51FC51F8800E9C7AE /* Project object */;
}
